// !$*UTF8*$!
{
	archiveVersion = 1;
	classes = {
	};
	objectVersion = 46;
	objects = {

/* Begin PBXBuildFile section */
		188B863A1A69C2DA0097B6F2 /* main.m in Sources */ = {isa = PBXBuildFile; fileRef = 188B86391A69C2DA0097B6F2 /* main.m */; };
		188B863D1A69C2DA0097B6F2 /* AppDelegate.m in Sources */ = {isa = PBXBuildFile; fileRef = 188B863C1A69C2DA0097B6F2 /* AppDelegate.m */; };
		188B86401A69C2DA0097B6F2 /* ViewController.m in Sources */ = {isa = PBXBuildFile; fileRef = 188B863F1A69C2DA0097B6F2 /* ViewController.m */; };
		188B86431A69C2DA0097B6F2 /* Main.storyboard in Resources */ = {isa = PBXBuildFile; fileRef = 188B86411A69C2DA0097B6F2 /* Main.storyboard */; };
		188B86451A69C2DA0097B6F2 /* Images.xcassets in Resources */ = {isa = PBXBuildFile; fileRef = 188B86441A69C2DA0097B6F2 /* Images.xcassets */; };
		188B86481A69C2DA0097B6F2 /* LaunchScreen.xib in Resources */ = {isa = PBXBuildFile; fileRef = 188B86461A69C2DA0097B6F2 /* LaunchScreen.xib */; };
		188B86541A69C2DA0097B6F2 /* _2_______Tests.m in Sources */ = {isa = PBXBuildFile; fileRef = 188B86531A69C2DA0097B6F2 /* _2_______Tests.m */; };
		188B865E1A69C3510097B6F2 /* apps.plist in Resources */ = {isa = PBXBuildFile; fileRef = 188B865D1A69C3510097B6F2 /* apps.plist */; };
		188B86611A69C3AC0097B6F2 /* CZApp.m in Sources */ = {isa = PBXBuildFile; fileRef = 188B86601A69C3AC0097B6F2 /* CZApp.m */; };
/* End PBXBuildFile section */

/* Begin PBXContainerItemProxy section */
		188B864E1A69C2DA0097B6F2 /* PBXContainerItemProxy */ = {
			isa = PBXContainerItemProxy;
			containerPortal = 188B862C1A69C2DA0097B6F2 /* Project object */;
			proxyType = 1;
			remoteGlobalIDString = 188B86331A69C2DA0097B6F2;
			remoteInfo = "02-表格图片下载";
		};
/* End PBXContainerItemProxy section */

/* Begin PBXFileReference section */
		188B86341A69C2DA0097B6F2 /* 02-表格图片下载.app */ = {isa = PBXFileReference; explicitFileType = wrapper.application; includeInIndex = 0; path = "02-表格图片下载.app"; sourceTree = BUILT_PRODUCTS_DIR; };
		188B86381A69C2DA0097B6F2 /* Info.plist */ = {isa = PBXFileReference; lastKnownFileType = text.plist.xml; path = Info.plist; sourceTree = "<group>"; };
		188B86391A69C2DA0097B6F2 /* main.m */ = {isa = PBXFileReference; lastKnownFileType = sourcecode.c.objc; path = main.m; sourceTree = "<group>"; };
		188B863B1A69C2DA0097B6F2 /* AppDelegate.h */ = {isa = PBXFileReference; lastKnownFileType = sourcecode.c.h; path = AppDelegate.h; sourceTree = "<group>"; };
		188B863C1A69C2DA0097B6F2 /* AppDelegate.m */ = {isa = PBXFileReference; lastKnownFileType = sourcecode.c.objc; path = AppDelegate.m; sourceTree = "<group>"; };
		188B863E1A69C2DA0097B6F2 /* ViewController.h */ = {isa = PBXFileReference; lastKnownFileType = sourcecode.c.h; path = ViewController.h; sourceTree = "<group>"; };
		188B863F1A69C2DA0097B6F2 /* ViewController.m */ = {isa = PBXFileReference; lastKnownFileType = sourcecode.c.objc; path = ViewController.m; sourceTree = "<group>"; };
		188B86421A69C2DA0097B6F2 /* Base */ = {isa = PBXFileReference; lastKnownFileType = file.storyboard; name = Base; path = Base.lproj/Main.storyboard; sourceTree = "<group>"; };
		188B86441A69C2DA0097B6F2 /* Images.xcassets */ = {isa = PBXFileReference; lastKnownFileType = folder.assetcatalog; path = Images.xcassets; sourceTree = "<group>"; };
		188B86471A69C2DA0097B6F2 /* Base */ = {isa = PBXFileReference; lastKnownFileType = file.xib; name = Base; path = Base.lproj/LaunchScreen.xib; sourceTree = "<group>"; };
		188B864D1A69C2DA0097B6F2 /* 02-表格图片下载Tests.xctest */ = {isa = PBXFileReference; explicitFileType = wrapper.cfbundle; includeInIndex = 0; path = "02-表格图片下载Tests.xctest"; sourceTree = BUILT_PRODUCTS_DIR; };
		188B86521A69C2DA0097B6F2 /* Info.plist */ = {isa = PBXFileReference; lastKnownFileType = text.plist.xml; path = Info.plist; sourceTree = "<group>"; };
		188B86531A69C2DA0097B6F2 /* _2_______Tests.m */ = {isa = PBXFileReference; lastKnownFileType = sourcecode.c.objc; path = "_2_______Tests.m"; sourceTree = "<group>"; };
		188B865D1A69C3510097B6F2 /* apps.plist */ = {isa = PBXFileReference; fileEncoding = 4; lastKnownFileType = text.plist.xml; path = apps.plist; sourceTree = "<group>"; };
		188B865F1A69C3AC0097B6F2 /* CZApp.h */ = {isa = PBXFileReference; fileEncoding = 4; lastKnownFileType = sourcecode.c.h; path = CZApp.h; sourceTree = "<group>"; };
		188B86601A69C3AC0097B6F2 /* CZApp.m */ = {isa = PBXFileReference; fileEncoding = 4; lastKnownFileType = sourcecode.c.objc; path = CZApp.m; sourceTree = "<group>"; };
/* End PBXFileReference section */

/* Begin PBXFrameworksBuildPhase section */
		188B86311A69C2DA0097B6F2 /* Frameworks */ = {
			isa = PBXFrameworksBuildPhase;
			buildActionMask = 2147483647;
			files = (
			);
			runOnlyForDeploymentPostprocessing = 0;
		};
		188B864A1A69C2DA0097B6F2 /* Frameworks */ = {
			isa = PBXFrameworksBuildPhase;
			buildActionMask = 2147483647;
			files = (
			);
			runOnlyForDeploymentPostprocessing = 0;
		};
/* End PBXFrameworksBuildPhase section */

/* Begin PBXGroup section */
		188B862B1A69C2DA0097B6F2 = {
			isa = PBXGroup;
			children = (
				188B86361A69C2DA0097B6F2 /* 02-表格图片下载 */,
				188B86501A69C2DA0097B6F2 /* 02-表格图片下载Tests */,
				188B86351A69C2DA0097B6F2 /* Products */,
			);
			sourceTree = "<group>";
		};
		188B86351A69C2DA0097B6F2 /* Products */ = {
			isa = PBXGroup;
			children = (
				188B86341A69C2DA0097B6F2 /* 02-表格图片下载.app */,
				188B864D1A69C2DA0097B6F2 /* 02-表格图片下载Tests.xctest */,
			);
			name = Products;
			sourceTree = "<group>";
		};
		188B86361A69C2DA0097B6F2 /* 02-表格图片下载 */ = {
			isa = PBXGroup;
			children = (
				188B863B1A69C2DA0097B6F2 /* AppDelegate.h */,
				188B863C1A69C2DA0097B6F2 /* AppDelegate.m */,
				188B863E1A69C2DA0097B6F2 /* ViewController.h */,
				188B863F1A69C2DA0097B6F2 /* ViewController.m */,
				188B865F1A69C3AC0097B6F2 /* CZApp.h */,
				188B86601A69C3AC0097B6F2 /* CZApp.m */,
				188B86411A69C2DA0097B6F2 /* Main.storyboard */,
				188B86441A69C2DA0097B6F2 /* Images.xcassets */,
				188B86461A69C2DA0097B6F2 /* LaunchScreen.xib */,
				188B86371A69C2DA0097B6F2 /* Supporting Files */,
			);
			path = "02-表格图片下载";
			sourceTree = "<group>";
		};
		188B86371A69C2DA0097B6F2 /* Supporting Files */ = {
			isa = PBXGroup;
			children = (
				188B865D1A69C3510097B6F2 /* apps.plist */,
				188B86381A69C2DA0097B6F2 /* Info.plist */,
				188B86391A69C2DA0097B6F2 /* main.m */,
			);
			name = "Supporting Files";
			sourceTree = "<group>";
		};
		188B86501A69C2DA0097B6F2 /* 02-表格图片下载Tests */ = {
			isa = PBXGroup;
			children = (
				188B86531A69C2DA0097B6F2 /* _2_______Tests.m */,
				188B86511A69C2DA0097B6F2 /* Supporting Files */,
			);
			path = "02-表格图片下载Tests";
			sourceTree = "<group>";
		};
		188B86511A69C2DA0097B6F2 /* Supporting Files */ = {
			isa = PBXGroup;
			children = (
				188B86521A69C2DA0097B6F2 /* Info.plist */,
			);
			name = "Supporting Files";
			sourceTree = "<group>";
		};
/* End PBXGroup section */

/* Begin PBXNativeTarget section */
		188B86331A69C2DA0097B6F2 /* 02-表格图片下载 */ = {
			isa = PBXNativeTarget;
			buildConfigurationList = 188B86571A69C2DA0097B6F2 /* Build configuration list for PBXNativeTarget "02-表格图片下载" */;
			buildPhases = (
				188B86301A69C2DA0097B6F2 /* Sources */,
				188B86311A69C2DA0097B6F2 /* Frameworks */,
				188B86321A69C2DA0097B6F2 /* Resources */,
			);
			buildRules = (
			);
			dependencies = (
			);
			name = "02-表格图片下载";
			productName = "02-表格图片下载";
			productReference = 188B86341A69C2DA0097B6F2 /* 02-表格图片下载.app */;
			productType = "com.apple.product-type.application";
		};
		188B864C1A69C2DA0097B6F2 /* 02-表格图片下载Tests */ = {
			isa = PBXNativeTarget;
			buildConfigurationList = 188B865A1A69C2DA0097B6F2 /* Build configuration list for PBXNativeTarget "02-表格图片下载Tests" */;
			buildPhases = (
				188B86491A69C2DA0097B6F2 /* Sources */,
				188B864A1A69C2DA0097B6F2 /* Frameworks */,
				188B864B1A69C2DA0097B6F2 /* Resources */,
			);
			buildRules = (
			);
			dependencies = (
				188B864F1A69C2DA0097B6F2 /* PBXTargetDependency */,
			);
			name = "02-表格图片下载Tests";
			productName = "02-表格图片下载Tests";
			productReference = 188B864D1A69C2DA0097B6F2 /* 02-表格图片下载Tests.xctest */;
			productType = "com.apple.product-type.bundle.unit-test";
		};
/* End PBXNativeTarget section */

/* Begin PBXProject section */
		188B862C1A69C2DA0097B6F2 /* Project object */ = {
			isa = PBXProject;
			attributes = {
				LastUpgradeCheck = 0610;
				ORGANIZATIONNAME = apple;
				TargetAttributes = {
					188B86331A69C2DA0097B6F2 = {
						CreatedOnToolsVersion = 6.1.1;
					};
					188B864C1A69C2DA0097B6F2 = {
						CreatedOnToolsVersion = 6.1.1;
						TestTargetID = 188B86331A69C2DA0097B6F2;
					};
				};
			};
			buildConfigurationList = 188B862F1A69C2DA0097B6F2 /* Build configuration list for PBXProject "02-表格图片下载" */;
			compatibilityVersion = "Xcode 3.2";
			developmentRegion = English;
			hasScannedForEncodings = 0;
			knownRegions = (
				en,
				Base,
			);
			mainGroup = 188B862B1A69C2DA0097B6F2;
			productRefGroup = 188B86351A69C2DA0097B6F2 /* Products */;
			projectDirPath = "";
			projectRoot = "";
			targets = (
				188B86331A69C2DA0097B6F2 /* 02-表格图片下载 */,
				188B864C1A69C2DA0097B6F2 /* 02-表格图片下载Tests */,
			);
		};
/* End PBXProject section */

/* Begin PBXResourcesBuildPhase section */
		188B86321A69C2DA0097B6F2 /* Resources */ = {
			isa = PBXResourcesBuildPhase;
			buildActionMask = 2147483647;
			files = (
				188B865E1A69C3510097B6F2 /* apps.plist in Resources */,
				188B86431A69C2DA0097B6F2 /* Main.storyboard in Resources */,
				188B86481A69C2DA0097B6F2 /* LaunchScreen.xib in Resources */,
				188B86451A69C2DA0097B6F2 /* Images.xcassets in Resources */,
			);
			runOnlyForDeploymentPostprocessing = 0;
		};
		188B864B1A69C2DA0097B6F2 /* Resources */ = {
			isa = PBXResourcesBuildPhase;
			buildActionMask = 2147483647;
			files = (
			);
			runOnlyForDeploymentPostprocessing = 0;
		};
/* End PBXResourcesBuildPhase section */

/* Begin PBXSourcesBuildPhase section */
		188B86301A69C2DA0097B6F2 /* Sources */ = {
			isa = PBXSourcesBuildPhase;
			buildActionMask = 2147483647;
			files = (
				188B86611A69C3AC0097B6F2 /* CZApp.m in Sources */,
				188B86401A69C2DA0097B6F2 /* ViewController.m in Sources */,
				188B863D1A69C2DA0097B6F2 /* AppDelegate.m in Sources */,
				188B863A1A69C2DA0097B6F2 /* main.m in Sources */,
			);
			runOnlyForDeploymentPostprocessing = 0;
		};
		188B86491A69C2DA0097B6F2 /* Sources */ = {
			isa = PBXSourcesBuildPhase;
			buildActionMask = 2147483647;
			files = (
				188B86541A69C2DA0097B6F2 /* _2_______Tests.m in Sources */,
			);
			runOnlyForDeploymentPostprocessing = 0;
		};
/* End PBXSourcesBuildPhase section */

/* Begin PBXTargetDependency section */
		188B864F1A69C2DA0097B6F2 /* PBXTargetDependency */ = {
			isa = PBXTargetDependency;
			target = 188B86331A69C2DA0097B6F2 /* 02-表格图片下载 */;
			targetProxy = 188B864E1A69C2DA0097B6F2 /* PBXContainerItemProxy */;
		};
/* End PBXTargetDependency section */

/* Begin PBXVariantGroup section */
		188B86411A69C2DA0097B6F2 /* Main.storyboard */ = {
			isa = PBXVariantGroup;
			children = (
				188B86421A69C2DA0097B6F2 /* Base */,
			);
			name = Main.storyboard;
			sourceTree = "<group>";
		};
		188B86461A69C2DA0097B6F2 /* LaunchScreen.xib */ = {
			isa = PBXVariantGroup;
			children = (
				188B86471A69C2DA0097B6F2 /* Base */,
			);
			name = LaunchScreen.xib;
			sourceTree = "<group>";
		};
/* End PBXVariantGroup section */

/* Begin XCBuildConfiguration section */
		188B86551A69C2DA0097B6F2 /* Debug */ = {
			isa = XCBuildConfiguration;
			buildSettings = {
				ALWAYS_SEARCH_USER_PATHS = NO;
				CLANG_CXX_LANGUAGE_STANDARD = "gnu++0x";
				CLANG_CXX_LIBRARY = "libc++";
				CLANG_ENABLE_MODULES = YES;
				CLANG_ENABLE_OBJC_ARC = YES;
				CLANG_WARN_BOOL_CONVERSION = YES;
				CLANG_WARN_CONSTANT_CONVERSION = YES;
				CLANG_WARN_DIRECT_OBJC_ISA_USAGE = YES_ERROR;
				CLANG_WARN_EMPTY_BODY = YES;
				CLANG_WARN_ENUM_CONVERSION = YES;
				CLANG_WARN_INT_CONVERSION = YES;
				CLANG_WARN_OBJC_ROOT_CLASS = YES_ERROR;
				CLANG_WARN_UNREACHABLE_CODE = YES;
				CLANG_WARN__DUPLICATE_METHOD_MATCH = YES;
				"CODE_SIGN_IDENTITY[sdk=iphoneos*]" = "iPhone Developer";
				COPY_PHASE_STRIP = NO;
				ENABLE_STRICT_OBJC_MSGSEND = YES;
				GCC_C_LANGUAGE_STANDARD = gnu99;
				GCC_DYNAMIC_NO_PIC = NO;
				GCC_OPTIMIZATION_LEVEL = 0;
				GCC_PREPROCESSOR_DEFINITIONS = (
					"DEBUG=1",
					"$(inherited)",
				);
				GCC_SYMBOLS_PRIVATE_EXTERN = NO;
				GCC_WARN_64_TO_32_BIT_CONVERSION = YES;
				GCC_WARN_ABOUT_RETURN_TYPE = YES_ERROR;
				GCC_WARN_UNDECLARED_SELECTOR = YES;
				GCC_WARN_UNINITIALIZED_AUTOS = YES_AGGRESSIVE;
				GCC_WARN_UNUSED_FUNCTION = YES;
				GCC_WARN_UNUSED_VARIABLE = YES;
				IPHONEOS_DEPLOYMENT_TARGET = 8.1;
				MTL_ENABLE_DEBUG_INFO = YES;
				ONLY_ACTIVE_ARCH = YES;
				SDKROOT = iphoneos;
			};
			name = Debug;
		};
		188B86561A69C2DA0097B6F2 /* Release */ = {
			isa = XCBuildConfiguration;
			buildSettings = {
				ALWAYS_SEARCH_USER_PATHS = NO;
				CLANG_CXX_LANGUAGE_STANDARD = "gnu++0x";
				CLANG_CXX_LIBRARY = "libc++";
				CLANG_ENABLE_MODULES = YES;
				CLANG_ENABLE_OBJC_ARC = YES;
				CLANG_WARN_BOOL_CONVERSION = YES;
				CLANG_WARN_CONSTANT_CONVERSION = YES;
				CLANG_WARN_DIRECT_OBJC_ISA_USAGE = YES_ERROR;
				CLANG_WARN_EMPTY_BODY = YES;
				CLANG_WARN_ENUM_CONVERSION = YES;
				CLANG_WARN_INT_CONVERSION = YES;
				CLANG_WARN_OBJC_ROOT_CLASS = YES_ERROR;
				CLANG_WARN_UNREACHABLE_CODE = YES;
				CLANG_WARN__DUPLICATE_METHOD_MATCH = YES;
				"CODE_SIGN_IDENTITY[sdk=iphoneos*]" = "iPhone Developer";
				COPY_PHASE_STRIP = YES;
				ENABLE_NS_ASSERTIONS = NO;
				ENABLE_STRICT_OBJC_MSGSEND = YES;
				GCC_C_LANGUAGE_STANDARD = gnu99;
				GCC_WARN_64_TO_32_BIT_CONVERSION = YES;
				GCC_WARN_ABOUT_RETURN_TYPE = YES_ERROR;
				GCC_WARN_UNDECLARED_SELECTOR = YES;
				GCC_WARN_UNINITIALIZED_AUTOS = YES_AGGRESSIVE;
				GCC_WARN_UNUSED_FUNCTION = YES;
				GCC_WARN_UNUSED_VARIABLE = YES;
				IPHONEOS_DEPLOYMENT_TARGET = 8.1;
				MTL_ENABLE_DEBUG_INFO = NO;
				SDKROOT = iphoneos;
				VALIDATE_PRODUCT = YES;
			};
			name = Release;
		};
		188B86581A69C2DA0097B6F2 /* Debug */ = {
			isa = XCBuildConfiguration;
			buildSettings = {
				ASSETCATALOG_COMPILER_APPICON_NAME = AppIcon;
				INFOPLIST_FILE = "02-表格图片下载/Info.plist";
				LD_RUNPATH_SEARCH_PATHS = "$(inherited) @executable_path/Frameworks";
				PRODUCT_NAME = "$(TARGET_NAME)";
			};
			name = Debug;
		};
		188B86591A69C2DA0097B6F2 /* Release */ = {
			isa = XCBuildConfiguration;
			buildSettings = {
				ASSETCATALOG_COMPILER_APPICON_NAME = AppIcon;
				INFOPLIST_FILE = "02-表格图片下载/Info.plist";
				LD_RUNPATH_SEARCH_PATHS = "$(inherited) @executable_path/Frameworks";
				PRODUCT_NAME = "$(TARGET_NAME)";
			};
			name = Release;
		};
		188B865B1A69C2DA0097B6F2 /* Debug */ = {
			isa = XCBuildConfiguration;
			buildSettings = {
				BUNDLE_LOADER = "$(TEST_HOST)";
				FRAMEWORK_SEARCH_PATHS = (
					"$(SDKROOT)/Developer/Library/Frameworks",
					"$(inherited)",
				);
				GCC_PREPROCESSOR_DEFINITIONS = (
					"DEBUG=1",
					"$(inherited)",
				);
				INFOPLIST_FILE = "02-表格图片下载Tests/Info.plist";
				LD_RUNPATH_SEARCH_PATHS = "$(inherited) @executable_path/Frameworks @loader_path/Frameworks";
				PRODUCT_NAME = "$(TARGET_NAME)";
				TEST_HOST = "$(BUILT_PRODUCTS_DIR)/02-表格图片下载.app/02-表格图片下载";
			};
			name = Debug;
		};
		188B865C1A69C2DA0097B6F2 /* Release */ = {
			isa = XCBuildConfiguration;
			buildSettings = {
				BUNDLE_LOADER = "$(TEST_HOST)";
				FRAMEWORK_SEARCH_PATHS = (
					"$(SDKROOT)/Developer/Library/Frameworks",
					"$(inherited)",
				);
				INFOPLIST_FILE = "02-表格图片下载Tests/Info.plist";
				LD_RUNPATH_SEARCH_PATHS = "$(inherited) @executable_path/Frameworks @loader_path/Frameworks";
				PRODUCT_NAME = "$(TARGET_NAME)";
				TEST_HOST = "$(BUILT_PRODUCTS_DIR)/02-表格图片下载.app/02-表格图片下载";
			};
			name = Release;
		};
/* End XCBuildConfiguration section */

/* Begin XCConfigurationList section */
		188B862F1A69C2DA0097B6F2 /* Build configuration list for PBXProject "02-表格图片下载" */ = {
			isa = XCConfigurationList;
			buildConfigurations = (
				188B86551A69C2DA0097B6F2 /* Debug */,
				188B86561A69C2DA0097B6F2 /* Release */,
			);
			defaultConfigurationIsVisible = 0;
			defaultConfigurationName = Release;
		};
		188B86571A69C2DA0097B6F2 /* Build configuration list for PBXNativeTarget "02-表格图片下载" */ = {
			isa = XCConfigurationList;
			buildConfigurations = (
				188B86581A69C2DA0097B6F2 /* Debug */,
				188B86591A69C2DA0097B6F2 /* Release */,
			);
			defaultConfigurationIsVisible = 0;
		};
		188B865A1A69C2DA0097B6F2 /* Build configuration list for PBXNativeTarget "02-表格图片下载Tests" */ = {
			isa = XCConfigurationList;
			buildConfigurations = (
				188B865B1A69C2DA0097B6F2 /* Debug */,
				188B865C1A69C2DA0097B6F2 /* Release */,
			);
			defaultConfigurationIsVisible = 0;
		};
/* End XCConfigurationList section */
	};
	rootObject = 188B862C1A69C2DA0097B6F2 /* Project object */;
}
